
Microsoft Visual Studio Solution File, Format Version 12.00
# Visual Studio Version 17
VisualStudioVersion = 17.8.34309.116
MinimumVisualStudioVersion = 10.0.40219.1
Project("{FAE04EC0-301F-11D3-BF4B-00C04F79EFBC}") = "oop_first_project", "oop_first_project\oop_first_project.csproj", "{60AEA4A3-E38B-4CA2-AF77-5CADB0BCA709}"
EndProject
Global
	GlobalSection(SolutionConfigurationPlatforms) = preSolution
		Debug|Any CPU = Debug|Any CPU
		Release|Any CPU = Release|Any CPU
	EndGlobalSection
	GlobalSection(ProjectConfigurationPlatforms) = postSolution
		{60AEA4A3-E38B-4CA2-AF77-5CADB0BCA709}.Debug|Any CPU.ActiveCfg = Debug|Any CPU
		{60AEA4A3-E38B-4CA2-AF77-5CADB0BCA709}.Debug|Any CPU.Build.0 = Debug|Any CPU
		{60AEA4A3-E38B-4CA2-AF77-5CADB0BCA709}.Release|Any CPU.ActiveCfg = Release|Any CPU
		{60AEA4A3-E38B-4CA2-AF77-5CADB0BCA709}.Release|Any CPU.Build.0 = Release|Any CPU
	EndGlobalSection
	GlobalSection(SolutionProperties) = preSolution
		HideSolutionNode = FALSE
	EndGlobalSection
	GlobalSection(ExtensibilityGlobals) = postSolution
		SolutionGuid = {36488FB8-5B9E-4FE8-A27E-14D7A16273A2}
	EndGlobalSection
EndGlobal
